
Microsoft Visual Studio Solution File, Format Version 12.00
# Visual Studio 15
VisualStudioVersion = 15.0.27703.2026
MinimumVisualStudioVersion = 10.0.40219.1
Project("{FAE04EC0-301F-11D3-BF4B-00C04F79EFBC}") = "chiasma-ef-core.Domain", "chiasma-ef-core.Domain\chiasma-ef-core.Domain.csproj", "{AE06E0D3-5E5B-45C8-A805-3A0FAD8C6808}"
EndProject
Project("{FAE04EC0-301F-11D3-BF4B-00C04F79EFBC}") = "chiasma-ef-core.Data", "chiasma-ef-core.Data\chiasma-ef-core.Data.csproj", "{96A4E237-8416-4293-840E-04375BB983BD}"
EndProject
Project("{FAE04EC0-301F-11D3-BF4B-00C04F79EFBC}") = "chiasma-ef-core", "chiasma-ef-core\chiasma-ef-core.csproj", "{A08DAC2B-8EF4-4B8A-A98F-F6F1CAF907F7}"
EndProject
Project("{FAE04EC0-301F-11D3-BF4B-00C04F79EFBC}") = "chiasma-ef-core.FullData", "chiasma-ef-core.FullData\chiasma-ef-core.FullData.csproj", "{9CE7ADFC-712A-4B89-9EAC-7F7D7128AF7B}"
EndProject
Global
	GlobalSection(SolutionConfigurationPlatforms) = preSolution
		Debug|Any CPU = Debug|Any CPU
		Release|Any CPU = Release|Any CPU
	EndGlobalSection
	GlobalSection(ProjectConfigurationPlatforms) = postSolution
		{AE06E0D3-5E5B-45C8-A805-3A0FAD8C6808}.Debug|Any CPU.ActiveCfg = Debug|Any CPU
		{AE06E0D3-5E5B-45C8-A805-3A0FAD8C6808}.Debug|Any CPU.Build.0 = Debug|Any CPU
		{AE06E0D3-5E5B-45C8-A805-3A0FAD8C6808}.Release|Any CPU.ActiveCfg = Release|Any CPU
		{AE06E0D3-5E5B-45C8-A805-3A0FAD8C6808}.Release|Any CPU.Build.0 = Release|Any CPU
		{96A4E237-8416-4293-840E-04375BB983BD}.Debug|Any CPU.ActiveCfg = Debug|Any CPU
		{96A4E237-8416-4293-840E-04375BB983BD}.Debug|Any CPU.Build.0 = Debug|Any CPU
		{96A4E237-8416-4293-840E-04375BB983BD}.Release|Any CPU.ActiveCfg = Release|Any CPU
		{96A4E237-8416-4293-840E-04375BB983BD}.Release|Any CPU.Build.0 = Release|Any CPU
		{A08DAC2B-8EF4-4B8A-A98F-F6F1CAF907F7}.Debug|Any CPU.ActiveCfg = Debug|Any CPU
		{A08DAC2B-8EF4-4B8A-A98F-F6F1CAF907F7}.Debug|Any CPU.Build.0 = Debug|Any CPU
		{A08DAC2B-8EF4-4B8A-A98F-F6F1CAF907F7}.Release|Any CPU.ActiveCfg = Release|Any CPU
		{A08DAC2B-8EF4-4B8A-A98F-F6F1CAF907F7}.Release|Any CPU.Build.0 = Release|Any CPU
		{9CE7ADFC-712A-4B89-9EAC-7F7D7128AF7B}.Debug|Any CPU.ActiveCfg = Debug|Any CPU
		{9CE7ADFC-712A-4B89-9EAC-7F7D7128AF7B}.Debug|Any CPU.Build.0 = Debug|Any CPU
		{9CE7ADFC-712A-4B89-9EAC-7F7D7128AF7B}.Release|Any CPU.ActiveCfg = Release|Any CPU
		{9CE7ADFC-712A-4B89-9EAC-7F7D7128AF7B}.Release|Any CPU.Build.0 = Release|Any CPU
	EndGlobalSection
	GlobalSection(SolutionProperties) = preSolution
		HideSolutionNode = FALSE
	EndGlobalSection
	GlobalSection(ExtensibilityGlobals) = postSolution
		SolutionGuid = {64299C4C-D5E8-4A7E-8264-A4177D13421E}
	EndGlobalSection
EndGlobal
